
Microsoft Visual Studio Solution File, Format Version 12.00
# Visual Studio Version 17
VisualStudioVersion = 17.10.35027.167
MinimumVisualStudioVersion = 10.0.40219.1
Project("{FAE04EC0-301F-11D3-BF4B-00C04F79EFBC}") = "QLTD", "QLTD\QLTD.csproj", "{39A518F8-A033-46B2-BB19-2A0A4BCC6324}"
EndProject
Global
	GlobalSection(SolutionConfigurationPlatforms) = preSolution
		Debug|Any CPU = Debug|Any CPU
		Release|Any CPU = Release|Any CPU
	EndGlobalSection
	GlobalSection(ProjectConfigurationPlatforms) = postSolution
		{39A518F8-A033-46B2-BB19-2A0A4BCC6324}.Debug|Any CPU.ActiveCfg = Debug|Any CPU
		{39A518F8-A033-46B2-BB19-2A0A4BCC6324}.Debug|Any CPU.Build.0 = Debug|Any CPU
		{39A518F8-A033-46B2-BB19-2A0A4BCC6324}.Release|Any CPU.ActiveCfg = Release|Any CPU
		{39A518F8-A033-46B2-BB19-2A0A4BCC6324}.Release|Any CPU.Build.0 = Release|Any CPU
	EndGlobalSection
	GlobalSection(SolutionProperties) = preSolution
		HideSolutionNode = FALSE
	EndGlobalSection
	GlobalSection(ExtensibilityGlobals) = postSolution
		SolutionGuid = {97C12BEA-4876-41AD-B958-BCBBBD3D8BC8}
	EndGlobalSection
EndGlobal
